
Microsoft Visual Studio Solution File, Format Version 12.00
# Visual Studio Version 17
VisualStudioVersion = 17.5.33516.290
MinimumVisualStudioVersion = 10.0.40219.1
Project("{9A19103F-16F7-4668-BE54-9A1E7A4F7556}") = "SoulstoneTweaks", "SoulstoneTweaks.csproj", "{DEA4CB8E-4FE8-468B-8941-42B93F236578}"
EndProject
Global
	GlobalSection(SolutionConfigurationPlatforms) = preSolution
		Debug|Any CPU = Debug|Any CPU
		Release|Any CPU = Release|Any CPU
	EndGlobalSection
	GlobalSection(ProjectConfigurationPlatforms) = postSolution
		{DEA4CB8E-4FE8-468B-8941-42B93F236578}.Debug|Any CPU.ActiveCfg = Debug|Any CPU
		{DEA4CB8E-4FE8-468B-8941-42B93F236578}.Debug|Any CPU.Build.0 = Debug|Any CPU
		{DEA4CB8E-4FE8-468B-8941-42B93F236578}.Release|Any CPU.ActiveCfg = Release|Any CPU
		{DEA4CB8E-4FE8-468B-8941-42B93F236578}.Release|Any CPU.Build.0 = Release|Any CPU
	EndGlobalSection
	GlobalSection(SolutionProperties) = preSolution
		HideSolutionNode = FALSE
	EndGlobalSection
	GlobalSection(ExtensibilityGlobals) = postSolution
		SolutionGuid = {477C00D1-7C07-41E7-8240-1832C49071D9}
	EndGlobalSection
EndGlobal
